// !$*UTF8*$!
{
	archiveVersion = 1;
	classes = {
	};
	objectVersion = 50;
	objects = {

/* Begin PBXBuildFile section */
		79593BBA244CC1F20025F245 /* HomeViewController.swift in Sources */ = {isa = PBXBuildFile; fileRef = 79593BB9244CC1F20025F245 /* HomeViewController.swift */; };
		79593BBC244CC21F0025F245 /* QuizViewController.swift in Sources */ = {isa = PBXBuildFile; fileRef = 79593BBB244CC21F0025F245 /* QuizViewController.swift */; };
		79593BBE244CC23C0025F245 /* ResultViewController.swift in Sources */ = {isa = PBXBuildFile; fileRef = 79593BBD244CC23C0025F245 /* ResultViewController.swift */; };
		79593BC2244CCFA90025F245 /* HapticFeedbackManager.swift in Sources */ = {isa = PBXBuildFile; fileRef = 79593BC1244CCFA90025F245 /* HapticFeedbackManager.swift */; };
		CECE92D92444EB5F00B378B7 /* AppDelegate.swift in Sources */ = {isa = PBXBuildFile; fileRef = CECE92D82444EB5F00B378B7 /* AppDelegate.swift */; };
		CECE92E02444EB5F00B378B7 /* Main.storyboard in Resources */ = {isa = PBXBuildFile; fileRef = CECE92DE2444EB5F00B378B7 /* Main.storyboard */; };
		CECE92E22444EB7000B378B7 /* Assets.xcassets in Resources */ = {isa = PBXBuildFile; fileRef = CECE92E12444EB7000B378B7 /* Assets.xcassets */; };
		CECE92E52444EB7000B378B7 /* LaunchScreen.storyboard in Resources */ = {isa = PBXBuildFile; fileRef = CECE92E32444EB7000B378B7 /* LaunchScreen.storyboard */; };
		CECE92F02444EC1300B378B7 /* Question.swift in Sources */ = {isa = PBXBuildFile; fileRef = CECE92EF2444EC1300B378B7 /* Question.swift */; };
		CECE92F22444EC2A00B378B7 /* QuizBrain.swift in Sources */ = {isa = PBXBuildFile; fileRef = CECE92F12444EC2A00B378B7 /* QuizBrain.swift */; };
/* End PBXBuildFile section */

/* Begin PBXFileReference section */
		79593BB9244CC1F20025F245 /* HomeViewController.swift */ = {isa = PBXFileReference; lastKnownFileType = sourcecode.swift; path = HomeViewController.swift; sourceTree = "<group>"; };
		79593BBB244CC21F0025F245 /* QuizViewController.swift */ = {isa = PBXFileReference; lastKnownFileType = sourcecode.swift; path = QuizViewController.swift; sourceTree = "<group>"; };
		79593BBD244CC23C0025F245 /* ResultViewController.swift */ = {isa = PBXFileReference; lastKnownFileType = sourcecode.swift; path = ResultViewController.swift; sourceTree = "<group>"; };
		79593BC1244CCFA90025F245 /* HapticFeedbackManager.swift */ = {isa = PBXFileReference; fileEncoding = 4; lastKnownFileType = sourcecode.swift; path = HapticFeedbackManager.swift; sourceTree = "<group>"; };
		CECE92D52444EB5F00B378B7 /* Scout Rankz.app */ = {isa = PBXFileReference; explicitFileType = wrapper.application; includeInIndex = 0; path = "Scout Rankz.app"; sourceTree = BUILT_PRODUCTS_DIR; };
		CECE92D82444EB5F00B378B7 /* AppDelegate.swift */ = {isa = PBXFileReference; lastKnownFileType = sourcecode.swift; path = AppDelegate.swift; sourceTree = "<group>"; };
		CECE92DF2444EB5F00B378B7 /* Base */ = {isa = PBXFileReference; lastKnownFileType = file.storyboard; name = Base; path = Base.lproj/Main.storyboard; sourceTree = "<group>"; };
		CECE92E12444EB7000B378B7 /* Assets.xcassets */ = {isa = PBXFileReference; lastKnownFileType = folder.assetcatalog; path = Assets.xcassets; sourceTree = "<group>"; };
		CECE92E42444EB7000B378B7 /* Base */ = {isa = PBXFileReference; lastKnownFileType = file.storyboard; name = Base; path = Base.lproj/LaunchScreen.storyboard; sourceTree = "<group>"; };
		CECE92E62444EB7000B378B7 /* Info.plist */ = {isa = PBXFileReference; lastKnownFileType = text.plist.xml; path = Info.plist; sourceTree = "<group>"; };
		CECE92EF2444EC1300B378B7 /* Question.swift */ = {isa = PBXFileReference; lastKnownFileType = sourcecode.swift; path = Question.swift; sourceTree = "<group>"; };
		CECE92F12444EC2A00B378B7 /* QuizBrain.swift */ = {isa = PBXFileReference; lastKnownFileType = sourcecode.swift; path = QuizBrain.swift; sourceTree = "<group>"; };
/* End PBXFileReference section */

/* Begin PBXFrameworksBuildPhase section */
		CECE92D22444EB5F00B378B7 /* Frameworks */ = {
			isa = PBXFrameworksBuildPhase;
			buildActionMask = 2147483647;
			files = (
			);
			runOnlyForDeploymentPostprocessing = 0;
		};
/* End PBXFrameworksBuildPhase section */

/* Begin PBXGroup section */
		79593BC3244CCFAE0025F245 /* Utilities */ = {
			isa = PBXGroup;
			children = (
				79593BC1244CCFA90025F245 /* HapticFeedbackManager.swift */,
			);
			path = Utilities;
			sourceTree = "<group>";
		};
		CECE92CC2444EB5F00B378B7 = {
			isa = PBXGroup;
			children = (
				CECE92D72444EB5F00B378B7 /* Scout Rankz */,
				CECE92D62444EB5F00B378B7 /* Products */,
			);
			sourceTree = "<group>";
		};
		CECE92D62444EB5F00B378B7 /* Products */ = {
			isa = PBXGroup;
			children = (
				CECE92D52444EB5F00B378B7 /* Scout Rankz.app */,
			);
			name = Products;
			sourceTree = "<group>";
		};
		CECE92D72444EB5F00B378B7 /* Scout Rankz */ = {
			isa = PBXGroup;
			children = (
				79593BC3244CCFAE0025F245 /* Utilities */,
				CECE92EE2444EBCE00B378B7 /* Model */,
				CECE92EC2444EBA000B378B7 /* View */,
				CECE92ED2444EBAE00B378B7 /* Controller */,
				CECE92D82444EB5F00B378B7 /* AppDelegate.swift */,
				CECE92E12444EB7000B378B7 /* Assets.xcassets */,
				CECE92E32444EB7000B378B7 /* LaunchScreen.storyboard */,
				CECE92E62444EB7000B378B7 /* Info.plist */,
			);
			path = "Scout Rankz";
			sourceTree = "<group>";
		};
		CECE92EC2444EBA000B378B7 /* View */ = {
			isa = PBXGroup;
			children = (
				CECE92DE2444EB5F00B378B7 /* Main.storyboard */,
			);
			path = View;
			sourceTree = "<group>";
		};
		CECE92ED2444EBAE00B378B7 /* Controller */ = {
			isa = PBXGroup;
			children = (
				79593BB9244CC1F20025F245 /* HomeViewController.swift */,
				79593BBB244CC21F0025F245 /* QuizViewController.swift */,
				79593BBD244CC23C0025F245 /* ResultViewController.swift */,
			);
			path = Controller;
			sourceTree = "<group>";
		};
		CECE92EE2444EBCE00B378B7 /* Model */ = {
			isa = PBXGroup;
			children = (
				CECE92EF2444EC1300B378B7 /* Question.swift */,
				CECE92F12444EC2A00B378B7 /* QuizBrain.swift */,
			);
			path = Model;
			sourceTree = "<group>";
		};
/* End PBXGroup section */

/* Begin PBXNativeTarget section */
		CECE92D42444EB5F00B378B7 /* Scout Rankz */ = {
			isa = PBXNativeTarget;
			buildConfigurationList = CECE92E92444EB7000B378B7 /* Build configuration list for PBXNativeTarget "Scout Rankz" */;
			buildPhases = (
				CECE92D12444EB5F00B378B7 /* Sources */,
				CECE92D22444EB5F00B378B7 /* Frameworks */,
				CECE92D32444EB5F00B378B7 /* Resources */,
			);
			buildRules = (
			);
			dependencies = (
			);
			name = "Scout Rankz";
			productName = ScoutRankz;
			productReference = CECE92D52444EB5F00B378B7 /* Scout Rankz.app */;
			productType = "com.apple.product-type.application";
		};
/* End PBXNativeTarget section */

/* Begin PBXProject section */
		CECE92CD2444EB5F00B378B7 /* Project object */ = {
			isa = PBXProject;
			attributes = {
				LastSwiftUpdateCheck = 1140;
				LastUpgradeCheck = 1140;
				ORGANIZATIONNAME = "Wayne Keith";
				TargetAttributes = {
					CECE92D42444EB5F00B378B7 = {
						CreatedOnToolsVersion = 11.4;
					};
				};
			};
			buildConfigurationList = CECE92D02444EB5F00B378B7 /* Build configuration list for PBXProject "Scout Rankz" */;
			compatibilityVersion = "Xcode 9.3";
			developmentRegion = en;
			hasScannedForEncodings = 0;
			knownRegions = (
				en,
				Base,
			);
			mainGroup = CECE92CC2444EB5F00B378B7;
			productRefGroup = CECE92D62444EB5F00B378B7 /* Products */;
			projectDirPath = "";
			projectRoot = "";
			targets = (
				CECE92D42444EB5F00B378B7 /* Scout Rankz */,
			);
		};
/* End PBXProject section */

/* Begin PBXResourcesBuildPhase section */
		CECE92D32444EB5F00B378B7 /* Resources */ = {
			isa = PBXResourcesBuildPhase;
			buildActionMask = 2147483647;
			files = (
				CECE92E52444EB7000B378B7 /* LaunchScreen.storyboard in Resources */,
				CECE92E22444EB7000B378B7 /* Assets.xcassets in Resources */,
				CECE92E02444EB5F00B378B7 /* Main.storyboard in Resources */,
			);
			runOnlyForDeploymentPostprocessing = 0;
		};
/* End PBXResourcesBuildPhase section */

/* Begin PBXSourcesBuildPhase section */
		CECE92D12444EB5F00B378B7 /* Sources */ = {
			isa = PBXSourcesBuildPhase;
			buildActionMask = 2147483647;
			files = (
				CECE92F22444EC2A00B378B7 /* QuizBrain.swift in Sources */,
				79593BBC244CC21F0025F245 /* QuizViewController.swift in Sources */,
				79593BBE244CC23C0025F245 /* ResultViewController.swift in Sources */,
				CECE92F02444EC1300B378B7 /* Question.swift in Sources */,
				CECE92D92444EB5F00B378B7 /* AppDelegate.swift in Sources */,
				79593BBA244CC1F20025F245 /* HomeViewController.swift in Sources */,
				79593BC2244CCFA90025F245 /* HapticFeedbackManager.swift in Sources */,
			);
			runOnlyForDeploymentPostprocessing = 0;
		};
/* End PBXSourcesBuildPhase section */

/* Begin PBXVariantGroup section */
		CECE92DE2444EB5F00B378B7 /* Main.storyboard */ = {
			isa = PBXVariantGroup;
			children = (
				CECE92DF2444EB5F00B378B7 /* Base */,
			);
			name = Main.storyboard;
			sourceTree = "<group>";
		};
		CECE92E32444EB7000B378B7 /* LaunchScreen.storyboard */ = {
			isa = PBXVariantGroup;
			children = (
				CECE92E42444EB7000B378B7 /* Base */,
			);
			name = LaunchScreen.storyboard;
			sourceTree = "<group>";
		};
/* End PBXVariantGroup section */

/* Begin XCBuildConfiguration section */
		CECE92E72444EB7000B378B7 /* Debug */ = {
			isa = XCBuildConfiguration;
			buildSettings = {
				ALWAYS_SEARCH_USER_PATHS = NO;
				CLANG_ANALYZER_NONNULL = YES;
				CLANG_ANALYZER_NUMBER_OBJECT_CONVERSION = YES_AGGRESSIVE;
				CLANG_CXX_LANGUAGE_STANDARD = "gnu++14";
				CLANG_CXX_LIBRARY = "libc++";
				CLANG_ENABLE_MODULES = YES;
				CLANG_ENABLE_OBJC_ARC = YES;
				CLANG_ENABLE_OBJC_WEAK = YES;
				CLANG_WARN_BLOCK_CAPTURE_AUTORELEASING = YES;
				CLANG_WARN_BOOL_CONVERSION = YES;
				CLANG_WARN_COMMA = YES;
				CLANG_WARN_CONSTANT_CONVERSION = YES;
				CLANG_WARN_DEPRECATED_OBJC_IMPLEMENTATIONS = YES;
				CLANG_WARN_DIRECT_OBJC_ISA_USAGE = YES_ERROR;
				CLANG_WARN_DOCUMENTATION_COMMENTS = YES;
				CLANG_WARN_EMPTY_BODY = YES;
				CLANG_WARN_ENUM_CONVERSION = YES;
				CLANG_WARN_INFINITE_RECURSION = YES;
				CLANG_WARN_INT_CONVERSION = YES;
				CLANG_WARN_NON_LITERAL_NULL_CONVERSION = YES;
				CLANG_WARN_OBJC_IMPLICIT_RETAIN_SELF = YES;
				CLANG_WARN_OBJC_LITERAL_CONVERSION = YES;
				CLANG_WARN_OBJC_ROOT_CLASS = YES_ERROR;
				CLANG_WARN_RANGE_LOOP_ANALYSIS = YES;
				CLANG_WARN_STRICT_PROTOTYPES = YES;
				CLANG_WARN_SUSPICIOUS_MOVE = YES;
				CLANG_WARN_UNGUARDED_AVAILABILITY = YES_AGGRESSIVE;
				CLANG_WARN_UNREACHABLE_CODE = YES;
				CLANG_WARN__DUPLICATE_METHOD_MATCH = YES;
				COPY_PHASE_STRIP = NO;
				DEBUG_INFORMATION_FORMAT = dwarf;
				ENABLE_STRICT_OBJC_MSGSEND = YES;
				ENABLE_TESTABILITY = YES;
				GCC_C_LANGUAGE_STANDARD = gnu11;
				GCC_DYNAMIC_NO_PIC = NO;
				GCC_NO_COMMON_BLOCKS = YES;
				GCC_OPTIMIZATION_LEVEL = 0;
				GCC_PREPROCESSOR_DEFINITIONS = (
					"DEBUG=1",
					"$(inherited)",
				);
				GCC_WARN_64_TO_32_BIT_CONVERSION = YES;
				GCC_WARN_ABOUT_RETURN_TYPE = YES_ERROR;
				GCC_WARN_UNDECLARED_SELECTOR = YES;
				GCC_WARN_UNINITIALIZED_AUTOS = YES_AGGRESSIVE;
				GCC_WARN_UNUSED_FUNCTION = YES;
				GCC_WARN_UNUSED_VARIABLE = YES;
				IPHONEOS_DEPLOYMENT_TARGET = 13.4;
				MTL_ENABLE_DEBUG_INFO = INCLUDE_SOURCE;
				MTL_FAST_MATH = YES;
				ONLY_ACTIVE_ARCH = YES;
				SDKROOT = iphoneos;
				SWIFT_ACTIVE_COMPILATION_CONDITIONS = DEBUG;
				SWIFT_OPTIMIZATION_LEVEL = "-Onone";
			};
			name = Debug;
		};
		CECE92E82444EB7000B378B7 /* Release */ = {
			isa = XCBuildConfiguration;
			buildSettings = {
				ALWAYS_SEARCH_USER_PATHS = NO;
				CLANG_ANALYZER_NONNULL = YES;
				CLANG_ANALYZER_NUMBER_OBJECT_CONVERSION = YES_AGGRESSIVE;
				CLANG_CXX_LANGUAGE_STANDARD = "gnu++14";
				CLANG_CXX_LIBRARY = "libc++";
				CLANG_ENABLE_MODULES = YES;
				CLANG_ENABLE_OBJC_ARC = YES;
				CLANG_ENABLE_OBJC_WEAK = YES;
				CLANG_WARN_BLOCK_CAPTURE_AUTORELEASING = YES;
				CLANG_WARN_BOOL_CONVERSION = YES;
				CLANG_WARN_COMMA = YES;
				CLANG_WARN_CONSTANT_CONVERSION = YES;
				CLANG_WARN_DEPRECATED_OBJC_IMPLEMENTATIONS = YES;
				CLANG_WARN_DIRECT_OBJC_ISA_USAGE = YES_ERROR;
				CLANG_WARN_DOCUMENTATION_COMMENTS = YES;
				CLANG_WARN_EMPTY_BODY = YES;
				CLANG_WARN_ENUM_CONVERSION = YES;
				CLANG_WARN_INFINITE_RECURSION = YES;
				CLANG_WARN_INT_CONVERSION = YES;
				CLANG_WARN_NON_LITERAL_NULL_CONVERSION = YES;
				CLANG_WARN_OBJC_IMPLICIT_RETAIN_SELF = YES;
				CLANG_WARN_OBJC_LITERAL_CONVERSION = YES;
				CLANG_WARN_OBJC_ROOT_CLASS = YES_ERROR;
				CLANG_WARN_RANGE_LOOP_ANALYSIS = YES;
				CLANG_WARN_STRICT_PROTOTYPES = YES;
				CLANG_WARN_SUSPICIOUS_MOVE = YES;
				CLANG_WARN_UNGUARDED_AVAILABILITY = YES_AGGRESSIVE;
				CLANG_WARN_UNREACHABLE_CODE = YES;
				CLANG_WARN__DUPLICATE_METHOD_MATCH = YES;
				COPY_PHASE_STRIP = NO;
				DEBUG_INFORMATION_FORMAT = "dwarf-with-dsym";
				ENABLE_NS_ASSERTIONS = NO;
				ENABLE_STRICT_OBJC_MSGSEND = YES;
				GCC_C_LANGUAGE_STANDARD = gnu11;
				GCC_NO_COMMON_BLOCKS = YES;
				GCC_WARN_64_TO_32_BIT_CONVERSION = YES;
				GCC_WARN_ABOUT_RETURN_TYPE = YES_ERROR;
				GCC_WARN_UNDECLARED_SELECTOR = YES;
				GCC_WARN_UNINITIALIZED_AUTOS = YES_AGGRESSIVE;
				GCC_WARN_UNUSED_FUNCTION = YES;
				GCC_WARN_UNUSED_VARIABLE = YES;
				IPHONEOS_DEPLOYMENT_TARGET = 13.4;
				MTL_ENABLE_DEBUG_INFO = NO;
				MTL_FAST_MATH = YES;
				SDKROOT = iphoneos;
				SWIFT_COMPILATION_MODE = wholemodule;
				SWIFT_OPTIMIZATION_LEVEL = "-O";
				VALIDATE_PRODUCT = YES;
			};
			name = Release;
		};
		CECE92EA2444EB7000B378B7 /* Debug */ = {
			isa = XCBuildConfiguration;
			buildSettings = {
				ASSETCATALOG_COMPILER_APPICON_NAME = AppIcon;
				CODE_SIGN_IDENTITY = "Apple Development";
				CODE_SIGN_STYLE = Automatic;
				DEVELOPMENT_TEAM = 374U9GJGHC;
				INFOPLIST_FILE = "Scout Rankz/Info.plist";
				LD_RUNPATH_SEARCH_PATHS = (
					"$(inherited)",
					"@executable_path/Frameworks",
				);
				PRODUCT_BUNDLE_IDENTIFIER = io.waynekeith.ScoutRankz;
				PRODUCT_NAME = "$(TARGET_NAME)";
				PROVISIONING_PROFILE_SPECIFIER = "";
				SWIFT_VERSION = 5.0;
				TARGETED_DEVICE_FAMILY = "1,2";
			};
			name = Debug;
		};
		CECE92EB2444EB7000B378B7 /* Release */ = {
			isa = XCBuildConfiguration;
			buildSettings = {
				ASSETCATALOG_COMPILER_APPICON_NAME = AppIcon;
				CODE_SIGN_IDENTITY = "Apple Development";
				CODE_SIGN_STYLE = Automatic;
				DEVELOPMENT_TEAM = 374U9GJGHC;
				INFOPLIST_FILE = "Scout Rankz/Info.plist";
				LD_RUNPATH_SEARCH_PATHS = (
					"$(inherited)",
					"@executable_path/Frameworks",
				);
				PRODUCT_BUNDLE_IDENTIFIER = io.waynekeith.ScoutRankz;
				PRODUCT_NAME = "$(TARGET_NAME)";
				PROVISIONING_PROFILE_SPECIFIER = "";
				SWIFT_VERSION = 5.0;
				TARGETED_DEVICE_FAMILY = "1,2";
			};
			name = Release;
		};
/* End XCBuildConfiguration section */

/* Begin XCConfigurationList section */
		CECE92D02444EB5F00B378B7 /* Build configuration list for PBXProject "Scout Rankz" */ = {
			isa = XCConfigurationList;
			buildConfigurations = (
				CECE92E72444EB7000B378B7 /* Debug */,
				CECE92E82444EB7000B378B7 /* Release */,
			);
			defaultConfigurationIsVisible = 0;
			defaultConfigurationName = Release;
		};
		CECE92E92444EB7000B378B7 /* Build configuration list for PBXNativeTarget "Scout Rankz" */ = {
			isa = XCConfigurationList;
			buildConfigurations = (
				CECE92EA2444EB7000B378B7 /* Debug */,
				CECE92EB2444EB7000B378B7 /* Release */,
			);
			defaultConfigurationIsVisible = 0;
			defaultConfigurationName = Release;
		};
/* End XCConfigurationList section */
	};
	rootObject = CECE92CD2444EB5F00B378B7 /* Project object */;
}
